// !$*UTF8*$!
{
	archiveVersion = 1;
	classes = {
	};
	objectVersion = 46;
	objects = {

/* Begin PBXBuildFile section */
		3DDC3BA59EC17F3959915B82 /* Pods.framework in Frameworks */ = {isa = PBXBuildFile; fileRef = 6B07B2A883CA000661BEBE43 /* Pods.framework */; };
		52262EC31BEAA75B00BC8A16 /* AppDelegate.swift in Sources */ = {isa = PBXBuildFile; fileRef = 52262EC21BEAA75B00BC8A16 /* AppDelegate.swift */; };
		52262ECA1BEAA75B00BC8A16 /* Assets.xcassets in Resources */ = {isa = PBXBuildFile; fileRef = 52262EC91BEAA75B00BC8A16 /* Assets.xcassets */; };
		52262ECD1BEAA75B00BC8A16 /* LaunchScreen.storyboard in Resources */ = {isa = PBXBuildFile; fileRef = 52262ECB1BEAA75B00BC8A16 /* LaunchScreen.storyboard */; };
		52262ED51BEAA7E700BC8A16 /* AppDependencies.swift in Sources */ = {isa = PBXBuildFile; fileRef = 52262ED41BEAA7E700BC8A16 /* AppDependencies.swift */; };
		52262EDC1BEAAA0E00BC8A16 /* ListWireFrame.swift in Sources */ = {isa = PBXBuildFile; fileRef = 52262EDB1BEAAA0E00BC8A16 /* ListWireFrame.swift */; };
		52262EDF1BEAAAB900BC8A16 /* ListViewController.swift in Sources */ = {isa = PBXBuildFile; fileRef = 52262EDE1BEAAAB900BC8A16 /* ListViewController.swift */; };
		52262EE21BEAAB1400BC8A16 /* ListPresenter.swift in Sources */ = {isa = PBXBuildFile; fileRef = 52262EE11BEAAB1400BC8A16 /* ListPresenter.swift */; };
		52262EE41BEAAD5E00BC8A16 /* ListViewInterface.swift in Sources */ = {isa = PBXBuildFile; fileRef = 52262EE31BEAAD5E00BC8A16 /* ListViewInterface.swift */; };
		52262EE71BEAAEBB00BC8A16 /* ListInteractor.swift in Sources */ = {isa = PBXBuildFile; fileRef = 52262EE61BEAAEBB00BC8A16 /* ListInteractor.swift */; };
		52262EE91BEAAEE400BC8A16 /* ListInteractorInterfaces.swift in Sources */ = {isa = PBXBuildFile; fileRef = 52262EE81BEAAEE400BC8A16 /* ListInteractorInterfaces.swift */; };
		52262EED1BEAB18800BC8A16 /* RootWireFrame.swift in Sources */ = {isa = PBXBuildFile; fileRef = 52262EEC1BEAB18800BC8A16 /* RootWireFrame.swift */; };
		52262EF01BEAC00800BC8A16 /* CoreDataStore.swift in Sources */ = {isa = PBXBuildFile; fileRef = 52262EEF1BEAC00800BC8A16 /* CoreDataStore.swift */; };
		52262EF61BEAC2C100BC8A16 /* ListDataManager.swift in Sources */ = {isa = PBXBuildFile; fileRef = 52262EF51BEAC2C100BC8A16 /* ListDataManager.swift */; };
		52262EF91BEAC61300BC8A16 /* NetworkingService.swift in Sources */ = {isa = PBXBuildFile; fileRef = 52262EF81BEAC61300BC8A16 /* NetworkingService.swift */; };
		522E8E731BEB59440018ACE9 /* PictureModel.swift in Sources */ = {isa = PBXBuildFile; fileRef = 522E8E721BEB59440018ACE9 /* PictureModel.swift */; };
		522E8E751BEB61C90018ACE9 /* ListModel.swift in Sources */ = {isa = PBXBuildFile; fileRef = 522E8E741BEB61C90018ACE9 /* ListModel.swift */; };
		522E8E771BEB707A0018ACE9 /* ListTableViewCell.swift in Sources */ = {isa = PBXBuildFile; fileRef = 522E8E761BEB707A0018ACE9 /* ListTableViewCell.swift */; };
		522E8E821BEBB1390018ACE9 /* DetailWireFrame.swift in Sources */ = {isa = PBXBuildFile; fileRef = 522E8E811BEBB1390018ACE9 /* DetailWireFrame.swift */; };
		522E8E841BEBB1950018ACE9 /* DetailViewController.swift in Sources */ = {isa = PBXBuildFile; fileRef = 522E8E831BEBB1950018ACE9 /* DetailViewController.swift */; };
		522E8E861BEBB1A90018ACE9 /* DetailPresenter.swift in Sources */ = {isa = PBXBuildFile; fileRef = 522E8E851BEBB1A90018ACE9 /* DetailPresenter.swift */; };
		522E8E881BEBB34F0018ACE9 /* DetailViewInterface.swift in Sources */ = {isa = PBXBuildFile; fileRef = 522E8E871BEBB34F0018ACE9 /* DetailViewInterface.swift */; };
		522E8E8A1BEBB4000018ACE9 /* DetailInteractor.swift in Sources */ = {isa = PBXBuildFile; fileRef = 522E8E891BEBB4000018ACE9 /* DetailInteractor.swift */; };
		522E8E8C1BEBC03D0018ACE9 /* DetailInteractorInterfaces.swift in Sources */ = {isa = PBXBuildFile; fileRef = 522E8E8B1BEBC03D0018ACE9 /* DetailInteractorInterfaces.swift */; };
		522E8E8F1BEBC3990018ACE9 /* PicturesDataModel.xcdatamodeld in Sources */ = {isa = PBXBuildFile; fileRef = 522E8E8D1BEBC3990018ACE9 /* PicturesDataModel.xcdatamodeld */; };
		522E8E971BEBC5070018ACE9 /* PictureDataModel.swift in Sources */ = {isa = PBXBuildFile; fileRef = 522E8E961BEBC5070018ACE9 /* PictureDataModel.swift */; };
/* End PBXBuildFile section */

/* Begin PBXFileReference section */
		41054A2DC78EBBC38AE07018 /* Pods.debug.xcconfig */ = {isa = PBXFileReference; includeInIndex = 1; lastKnownFileType = text.xcconfig; name = Pods.debug.xcconfig; path = "Pods/Target Support Files/Pods/Pods.debug.xcconfig"; sourceTree = "<group>"; };
		52262EBF1BEAA75B00BC8A16 /* pictures.app */ = {isa = PBXFileReference; explicitFileType = wrapper.application; includeInIndex = 0; path = pictures.app; sourceTree = BUILT_PRODUCTS_DIR; };
		52262EC21BEAA75B00BC8A16 /* AppDelegate.swift */ = {isa = PBXFileReference; lastKnownFileType = sourcecode.swift; path = AppDelegate.swift; sourceTree = "<group>"; };
		52262EC91BEAA75B00BC8A16 /* Assets.xcassets */ = {isa = PBXFileReference; lastKnownFileType = folder.assetcatalog; path = Assets.xcassets; sourceTree = "<group>"; };
		52262ECC1BEAA75B00BC8A16 /* Base */ = {isa = PBXFileReference; lastKnownFileType = file.storyboard; name = Base; path = Base.lproj/LaunchScreen.storyboard; sourceTree = "<group>"; };
		52262ECE1BEAA75B00BC8A16 /* Info.plist */ = {isa = PBXFileReference; lastKnownFileType = text.plist.xml; path = Info.plist; sourceTree = "<group>"; };
		52262ED41BEAA7E700BC8A16 /* AppDependencies.swift */ = {isa = PBXFileReference; fileEncoding = 4; lastKnownFileType = sourcecode.swift; path = AppDependencies.swift; sourceTree = "<group>"; };
		52262EDB1BEAAA0E00BC8A16 /* ListWireFrame.swift */ = {isa = PBXFileReference; fileEncoding = 4; lastKnownFileType = sourcecode.swift; name = ListWireFrame.swift; path = Modules/List/ListWireFrame.swift; sourceTree = "<group>"; };
		52262EDE1BEAAAB900BC8A16 /* ListViewController.swift */ = {isa = PBXFileReference; fileEncoding = 4; lastKnownFileType = sourcecode.swift; name = ListViewController.swift; path = Modules/List/ListViewController.swift; sourceTree = "<group>"; };
		52262EE11BEAAB1400BC8A16 /* ListPresenter.swift */ = {isa = PBXFileReference; fileEncoding = 4; lastKnownFileType = sourcecode.swift; name = ListPresenter.swift; path = Modules/List/ListPresenter.swift; sourceTree = "<group>"; };
		52262EE31BEAAD5E00BC8A16 /* ListViewInterface.swift */ = {isa = PBXFileReference; fileEncoding = 4; lastKnownFileType = sourcecode.swift; name = ListViewInterface.swift; path = Modules/List/ListViewInterface.swift; sourceTree = "<group>"; };
		52262EE61BEAAEBB00BC8A16 /* ListInteractor.swift */ = {isa = PBXFileReference; fileEncoding = 4; lastKnownFileType = sourcecode.swift; name = ListInteractor.swift; path = Modules/List/ListInteractor.swift; sourceTree = "<group>"; };
		52262EE81BEAAEE400BC8A16 /* ListInteractorInterfaces.swift */ = {isa = PBXFileReference; fileEncoding = 4; lastKnownFileType = sourcecode.swift; name = ListInteractorInterfaces.swift; path = Modules/List/ListInteractorInterfaces.swift; sourceTree = "<group>"; };
		52262EEC1BEAB18800BC8A16 /* RootWireFrame.swift */ = {isa = PBXFileReference; fileEncoding = 4; lastKnownFileType = sourcecode.swift; path = RootWireFrame.swift; sourceTree = "<group>"; };
		52262EEF1BEAC00800BC8A16 /* CoreDataStore.swift */ = {isa = PBXFileReference; fileEncoding = 4; lastKnownFileType = sourcecode.swift; path = CoreDataStore.swift; sourceTree = "<group>"; };
		52262EF51BEAC2C100BC8A16 /* ListDataManager.swift */ = {isa = PBXFileReference; fileEncoding = 4; lastKnownFileType = sourcecode.swift; name = ListDataManager.swift; path = Modules/List/ListDataManager.swift; sourceTree = "<group>"; };
		52262EF81BEAC61300BC8A16 /* NetworkingService.swift */ = {isa = PBXFileReference; fileEncoding = 4; lastKnownFileType = sourcecode.swift; path = NetworkingService.swift; sourceTree = "<group>"; };
		522E8E721BEB59440018ACE9 /* PictureModel.swift */ = {isa = PBXFileReference; fileEncoding = 4; lastKnownFileType = sourcecode.swift; name = PictureModel.swift; path = Modules/List/PictureModel.swift; sourceTree = "<group>"; };
		522E8E741BEB61C90018ACE9 /* ListModel.swift */ = {isa = PBXFileReference; fileEncoding = 4; lastKnownFileType = sourcecode.swift; name = ListModel.swift; path = Modules/List/ListModel.swift; sourceTree = "<group>"; };
		522E8E761BEB707A0018ACE9 /* ListTableViewCell.swift */ = {isa = PBXFileReference; fileEncoding = 4; lastKnownFileType = sourcecode.swift; name = ListTableViewCell.swift; path = Modules/List/ListTableViewCell.swift; sourceTree = "<group>"; };
		522E8E811BEBB1390018ACE9 /* DetailWireFrame.swift */ = {isa = PBXFileReference; fileEncoding = 4; lastKnownFileType = sourcecode.swift; name = DetailWireFrame.swift; path = Modules/Detail/DetailWireFrame.swift; sourceTree = "<group>"; };
		522E8E831BEBB1950018ACE9 /* DetailViewController.swift */ = {isa = PBXFileReference; fileEncoding = 4; lastKnownFileType = sourcecode.swift; name = DetailViewController.swift; path = Modules/Detail/DetailViewController.swift; sourceTree = "<group>"; };
		522E8E851BEBB1A90018ACE9 /* DetailPresenter.swift */ = {isa = PBXFileReference; fileEncoding = 4; lastKnownFileType = sourcecode.swift; name = DetailPresenter.swift; path = Modules/Detail/DetailPresenter.swift; sourceTree = "<group>"; };
		522E8E871BEBB34F0018ACE9 /* DetailViewInterface.swift */ = {isa = PBXFileReference; fileEncoding = 4; lastKnownFileType = sourcecode.swift; name = DetailViewInterface.swift; path = Modules/Detail/DetailViewInterface.swift; sourceTree = "<group>"; };
		522E8E891BEBB4000018ACE9 /* DetailInteractor.swift */ = {isa = PBXFileReference; fileEncoding = 4; lastKnownFileType = sourcecode.swift; name = DetailInteractor.swift; path = Modules/Detail/DetailInteractor.swift; sourceTree = "<group>"; };
		522E8E8B1BEBC03D0018ACE9 /* DetailInteractorInterfaces.swift */ = {isa = PBXFileReference; fileEncoding = 4; lastKnownFileType = sourcecode.swift; name = DetailInteractorInterfaces.swift; path = Modules/Detail/DetailInteractorInterfaces.swift; sourceTree = "<group>"; };
		522E8E8E1BEBC3990018ACE9 /* PicturesDataModel.xcdatamodel */ = {isa = PBXFileReference; lastKnownFileType = wrapper.xcdatamodel; path = PicturesDataModel.xcdatamodel; sourceTree = "<group>"; };
		522E8E961BEBC5070018ACE9 /* PictureDataModel.swift */ = {isa = PBXFileReference; fileEncoding = 4; lastKnownFileType = sourcecode.swift; path = PictureDataModel.swift; sourceTree = "<group>"; };
		6B07B2A883CA000661BEBE43 /* Pods.framework */ = {isa = PBXFileReference; explicitFileType = wrapper.framework; includeInIndex = 0; path = Pods.framework; sourceTree = BUILT_PRODUCTS_DIR; };
		AC9111EBD0F01594A0F8304C /* Pods.release.xcconfig */ = {isa = PBXFileReference; includeInIndex = 1; lastKnownFileType = text.xcconfig; name = Pods.release.xcconfig; path = "Pods/Target Support Files/Pods/Pods.release.xcconfig"; sourceTree = "<group>"; };
/* End PBXFileReference section */

/* Begin PBXFrameworksBuildPhase section */
		52262EBC1BEAA75B00BC8A16 /* Frameworks */ = {
			isa = PBXFrameworksBuildPhase;
			buildActionMask = 2147483647;
			files = (
				3DDC3BA59EC17F3959915B82 /* Pods.framework in Frameworks */,
			);
			runOnlyForDeploymentPostprocessing = 0;
		};
/* End PBXFrameworksBuildPhase section */

/* Begin PBXGroup section */
		52262EB61BEAA75B00BC8A16 = {
			isa = PBXGroup;
			children = (
				52262EC11BEAA75B00BC8A16 /* pictures */,
				52262EC01BEAA75B00BC8A16 /* Products */,
				949053F5B177BD81885A4B60 /* Pods */,
				83284385F9C140BC78771B92 /* Frameworks */,
			);
			sourceTree = "<group>";
		};
		52262EC01BEAA75B00BC8A16 /* Products */ = {
			isa = PBXGroup;
			children = (
				52262EBF1BEAA75B00BC8A16 /* pictures.app */,
			);
			name = Products;
			sourceTree = "<group>";
		};
		52262EC11BEAA75B00BC8A16 /* pictures */ = {
			isa = PBXGroup;
			children = (
				52262EEA1BEAB14600BC8A16 /* Common */,
				52262ED61BEAA90C00BC8A16 /* Modules */,
				52262EC21BEAA75B00BC8A16 /* AppDelegate.swift */,
				52262ED41BEAA7E700BC8A16 /* AppDependencies.swift */,
				52262EC91BEAA75B00BC8A16 /* Assets.xcassets */,
				52262ECB1BEAA75B00BC8A16 /* LaunchScreen.storyboard */,
				52262ECE1BEAA75B00BC8A16 /* Info.plist */,
			);
			path = pictures;
			sourceTree = "<group>";
		};
		52262ED61BEAA90C00BC8A16 /* Modules */ = {
			isa = PBXGroup;
			children = (
				522E8E781BEBAF9F0018ACE9 /* Detail */,
				52262ED71BEAA91300BC8A16 /* List */,
			);
			name = Modules;
			sourceTree = "<group>";
		};
		52262ED71BEAA91300BC8A16 /* List */ = {
			isa = PBXGroup;
			children = (
				52262ED91BEAA9B800BC8A16 /* User Interface */,
				52262ED81BEAA96D00BC8A16 /* Application Logic */,
			);
			name = List;
			sourceTree = "<group>";
		};
		52262ED81BEAA96D00BC8A16 /* Application Logic */ = {
			isa = PBXGroup;
			children = (
				522E8E711BEB59290018ACE9 /* Model */,
				52262EF41BEAC2A900BC8A16 /* Manager */,
				52262EE51BEAAE9900BC8A16 /* Interactor */,
			);
			name = "Application Logic";
			sourceTree = "<group>";
		};
		52262ED91BEAA9B800BC8A16 /* User Interface */ = {
			isa = PBXGroup;
			children = (
				52262EE01BEAAAF900BC8A16 /* Presenter */,
				52262EDD1BEAAA9400BC8A16 /* View */,
				52262EDA1BEAA9C800BC8A16 /* WireFrame */,
			);
			name = "User Interface";
			sourceTree = "<group>";
		};
		52262EDA1BEAA9C800BC8A16 /* WireFrame */ = {
			isa = PBXGroup;
			children = (
				52262EDB1BEAAA0E00BC8A16 /* ListWireFrame.swift */,
			);
			name = WireFrame;
			sourceTree = "<group>";
		};
		52262EDD1BEAAA9400BC8A16 /* View */ = {
			isa = PBXGroup;
			children = (
				52262EDE1BEAAAB900BC8A16 /* ListViewController.swift */,
				52262EE31BEAAD5E00BC8A16 /* ListViewInterface.swift */,
				522E8E761BEB707A0018ACE9 /* ListTableViewCell.swift */,
			);
			name = View;
			sourceTree = "<group>";
		};
		52262EE01BEAAAF900BC8A16 /* Presenter */ = {
			isa = PBXGroup;
			children = (
				52262EE11BEAAB1400BC8A16 /* ListPresenter.swift */,
				522E8E741BEB61C90018ACE9 /* ListModel.swift */,
			);
			name = Presenter;
			sourceTree = "<group>";
		};
		52262EE51BEAAE9900BC8A16 /* Interactor */ = {
			isa = PBXGroup;
			children = (
				52262EE61BEAAEBB00BC8A16 /* ListInteractor.swift */,
				52262EE81BEAAEE400BC8A16 /* ListInteractorInterfaces.swift */,
			);
			name = Interactor;
			sourceTree = "<group>";
		};
		52262EEA1BEAB14600BC8A16 /* Common */ = {
			isa = PBXGroup;
			children = (
				52262EF71BEAC5F800BC8A16 /* Service */,
				52262EEE1BEABFF500BC8A16 /* Store */,
				52262EEB1BEAB17300BC8A16 /* View */,
			);
			name = Common;
			sourceTree = "<group>";
		};
		52262EEB1BEAB17300BC8A16 /* View */ = {
			isa = PBXGroup;
			children = (
				52262EEC1BEAB18800BC8A16 /* RootWireFrame.swift */,
			);
			name = View;
			sourceTree = "<group>";
		};
		52262EEE1BEABFF500BC8A16 /* Store */ = {
			isa = PBXGroup;
			children = (
				52262EEF1BEAC00800BC8A16 /* CoreDataStore.swift */,
				522E8E961BEBC5070018ACE9 /* PictureDataModel.swift */,
				522E8E8D1BEBC3990018ACE9 /* PicturesDataModel.xcdatamodeld */,
			);
			name = Store;
			sourceTree = "<group>";
		};
		52262EF41BEAC2A900BC8A16 /* Manager */ = {
			isa = PBXGroup;
			children = (
				52262EF51BEAC2C100BC8A16 /* ListDataManager.swift */,
			);
			name = Manager;
			sourceTree = "<group>";
		};
		52262EF71BEAC5F800BC8A16 /* Service */ = {
			isa = PBXGroup;
			children = (
				52262EF81BEAC61300BC8A16 /* NetworkingService.swift */,
			);
			name = Service;
			sourceTree = "<group>";
		};
		522E8E711BEB59290018ACE9 /* Model */ = {
			isa = PBXGroup;
			children = (
				522E8E721BEB59440018ACE9 /* PictureModel.swift */,
			);
			name = Model;
			sourceTree = "<group>";
		};
		522E8E781BEBAF9F0018ACE9 /* Detail */ = {
			isa = PBXGroup;
			children = (
				522E8E7A1BEBAFBD0018ACE9 /* User Interface */,
				522E8E791BEBAFAC0018ACE9 /* Application Logic */,
			);
			name = Detail;
			sourceTree = "<group>";
		};
		522E8E791BEBAFAC0018ACE9 /* Application Logic */ = {
			isa = PBXGroup;
			children = (
				522E8E801BEBAFEB0018ACE9 /* Model */,
				522E8E7F1BEBAFE50018ACE9 /* Manager */,
				522E8E7E1BEBAFDE0018ACE9 /* Interactor */,
			);
			name = "Application Logic";
			sourceTree = "<group>";
		};
		522E8E7A1BEBAFBD0018ACE9 /* User Interface */ = {
			isa = PBXGroup;
			children = (
				522E8E7D1BEBAFD30018ACE9 /* Presenter */,
				522E8E7C1BEBAFCD0018ACE9 /* View */,
				522E8E7B1BEBAFC60018ACE9 /* WireFrame */,
			);
			name = "User Interface";
			sourceTree = "<group>";
		};
		522E8E7B1BEBAFC60018ACE9 /* WireFrame */ = {
			isa = PBXGroup;
			children = (
				522E8E811BEBB1390018ACE9 /* DetailWireFrame.swift */,
			);
			name = WireFrame;
			sourceTree = "<group>";
		};
		522E8E7C1BEBAFCD0018ACE9 /* View */ = {
			isa = PBXGroup;
			children = (
				522E8E831BEBB1950018ACE9 /* DetailViewController.swift */,
				522E8E871BEBB34F0018ACE9 /* DetailViewInterface.swift */,
			);
			name = View;
			sourceTree = "<group>";
		};
		522E8E7D1BEBAFD30018ACE9 /* Presenter */ = {
			isa = PBXGroup;
			children = (
				522E8E851BEBB1A90018ACE9 /* DetailPresenter.swift */,
			);
			name = Presenter;
			sourceTree = "<group>";
		};
		522E8E7E1BEBAFDE0018ACE9 /* Interactor */ = {
			isa = PBXGroup;
			children = (
				522E8E891BEBB4000018ACE9 /* DetailInteractor.swift */,
				522E8E8B1BEBC03D0018ACE9 /* DetailInteractorInterfaces.swift */,
			);
			name = Interactor;
			sourceTree = "<group>";
		};
		522E8E7F1BEBAFE50018ACE9 /* Manager */ = {
			isa = PBXGroup;
			children = (
			);
			name = Manager;
			sourceTree = "<group>";
		};
		522E8E801BEBAFEB0018ACE9 /* Model */ = {
			isa = PBXGroup;
			children = (
			);
			name = Model;
			sourceTree = "<group>";
		};
		83284385F9C140BC78771B92 /* Frameworks */ = {
			isa = PBXGroup;
			children = (
				6B07B2A883CA000661BEBE43 /* Pods.framework */,
			);
			name = Frameworks;
			sourceTree = "<group>";
		};
		949053F5B177BD81885A4B60 /* Pods */ = {
			isa = PBXGroup;
			children = (
				41054A2DC78EBBC38AE07018 /* Pods.debug.xcconfig */,
				AC9111EBD0F01594A0F8304C /* Pods.release.xcconfig */,
			);
			name = Pods;
			sourceTree = "<group>";
		};
/* End PBXGroup section */

/* Begin PBXNativeTarget section */
		52262EBE1BEAA75B00BC8A16 /* pictures */ = {
			isa = PBXNativeTarget;
			buildConfigurationList = 52262ED11BEAA75B00BC8A16 /* Build configuration list for PBXNativeTarget "pictures" */;
			buildPhases = (
				CDE784B1DABDBB43CAE3DBAD /* Check Pods Manifest.lock */,
				52262EBB1BEAA75B00BC8A16 /* Sources */,
				52262EBC1BEAA75B00BC8A16 /* Frameworks */,
				52262EBD1BEAA75B00BC8A16 /* Resources */,
				105D9BBD21D9456DEC62EE11 /* Embed Pods Frameworks */,
				A31B9732825452AEE6C1DE09 /* Copy Pods Resources */,
			);
			buildRules = (
			);
			dependencies = (
			);
			name = pictures;
			productName = pictures;
			productReference = 52262EBF1BEAA75B00BC8A16 /* pictures.app */;
			productType = "com.apple.product-type.application";
		};
/* End PBXNativeTarget section */

/* Begin PBXProject section */
		52262EB71BEAA75B00BC8A16 /* Project object */ = {
			isa = PBXProject;
			attributes = {
				LastSwiftUpdateCheck = 0710;
				LastUpgradeCheck = 0710;
				ORGANIZATIONNAME = "Nelson Dominguez";
				TargetAttributes = {
					52262EBE1BEAA75B00BC8A16 = {
						CreatedOnToolsVersion = 7.1;
					};
				};
			};
			buildConfigurationList = 52262EBA1BEAA75B00BC8A16 /* Build configuration list for PBXProject "pictures" */;
			compatibilityVersion = "Xcode 3.2";
			developmentRegion = English;
			hasScannedForEncodings = 0;
			knownRegions = (
				en,
				Base,
			);
			mainGroup = 52262EB61BEAA75B00BC8A16;
			productRefGroup = 52262EC01BEAA75B00BC8A16 /* Products */;
			projectDirPath = "";
			projectRoot = "";
			targets = (
				52262EBE1BEAA75B00BC8A16 /* pictures */,
			);
		};
/* End PBXProject section */

/* Begin PBXResourcesBuildPhase section */
		52262EBD1BEAA75B00BC8A16 /* Resources */ = {
			isa = PBXResourcesBuildPhase;
			buildActionMask = 2147483647;
			files = (
				52262ECD1BEAA75B00BC8A16 /* LaunchScreen.storyboard in Resources */,
				52262ECA1BEAA75B00BC8A16 /* Assets.xcassets in Resources */,
			);
			runOnlyForDeploymentPostprocessing = 0;
		};
/* End PBXResourcesBuildPhase section */

/* Begin PBXShellScriptBuildPhase section */
		105D9BBD21D9456DEC62EE11 /* Embed Pods Frameworks */ = {
			isa = PBXShellScriptBuildPhase;
			buildActionMask = 2147483647;
			files = (
			);
			inputPaths = (
			);
			name = "Embed Pods Frameworks";
			outputPaths = (
			);
			runOnlyForDeploymentPostprocessing = 0;
			shellPath = /bin/sh;
			shellScript = "\"${SRCROOT}/Pods/Target Support Files/Pods/Pods-frameworks.sh\"\n";
			showEnvVarsInLog = 0;
		};
		A31B9732825452AEE6C1DE09 /* Copy Pods Resources */ = {
			isa = PBXShellScriptBuildPhase;
			buildActionMask = 2147483647;
			files = (
			);
			inputPaths = (
			);
			name = "Copy Pods Resources";
			outputPaths = (
			);
			runOnlyForDeploymentPostprocessing = 0;
			shellPath = /bin/sh;
			shellScript = "\"${SRCROOT}/Pods/Target Support Files/Pods/Pods-resources.sh\"\n";
			showEnvVarsInLog = 0;
		};
		CDE784B1DABDBB43CAE3DBAD /* Check Pods Manifest.lock */ = {
			isa = PBXShellScriptBuildPhase;
			buildActionMask = 2147483647;
			files = (
			);
			inputPaths = (
			);
			name = "Check Pods Manifest.lock";
			outputPaths = (
			);
			runOnlyForDeploymentPostprocessing = 0;
			shellPath = /bin/sh;
			shellScript = "diff \"${PODS_ROOT}/../Podfile.lock\" \"${PODS_ROOT}/Manifest.lock\" > /dev/null\nif [[ $? != 0 ]] ; then\n    cat << EOM\nerror: The sandbox is not in sync with the Podfile.lock. Run 'pod install' or update your CocoaPods installation.\nEOM\n    exit 1\nfi\n";
			showEnvVarsInLog = 0;
		};
/* End PBXShellScriptBuildPhase section */

/* Begin PBXSourcesBuildPhase section */
		52262EBB1BEAA75B00BC8A16 /* Sources */ = {
			isa = PBXSourcesBuildPhase;
			buildActionMask = 2147483647;
			files = (
				522E8E971BEBC5070018ACE9 /* PictureDataModel.swift in Sources */,
				52262EDC1BEAAA0E00BC8A16 /* ListWireFrame.swift in Sources */,
				522E8E821BEBB1390018ACE9 /* DetailWireFrame.swift in Sources */,
				522E8E771BEB707A0018ACE9 /* ListTableViewCell.swift in Sources */,
				52262EF61BEAC2C100BC8A16 /* ListDataManager.swift in Sources */,
				522E8E8F1BEBC3990018ACE9 /* PicturesDataModel.xcdatamodeld in Sources */,
				52262EE41BEAAD5E00BC8A16 /* ListViewInterface.swift in Sources */,
				52262EE91BEAAEE400BC8A16 /* ListInteractorInterfaces.swift in Sources */,
				52262EF01BEAC00800BC8A16 /* CoreDataStore.swift in Sources */,
				522E8E881BEBB34F0018ACE9 /* DetailViewInterface.swift in Sources */,
				52262ED51BEAA7E700BC8A16 /* AppDependencies.swift in Sources */,
				522E8E841BEBB1950018ACE9 /* DetailViewController.swift in Sources */,
				522E8E861BEBB1A90018ACE9 /* DetailPresenter.swift in Sources */,
				522E8E8C1BEBC03D0018ACE9 /* DetailInteractorInterfaces.swift in Sources */,
				52262EDF1BEAAAB900BC8A16 /* ListViewController.swift in Sources */,
				52262EED1BEAB18800BC8A16 /* RootWireFrame.swift in Sources */,
				522E8E751BEB61C90018ACE9 /* ListModel.swift in Sources */,
				52262EE21BEAAB1400BC8A16 /* ListPresenter.swift in Sources */,
				522E8E731BEB59440018ACE9 /* PictureModel.swift in Sources */,
				52262EE71BEAAEBB00BC8A16 /* ListInteractor.swift in Sources */,
				522E8E8A1BEBB4000018ACE9 /* DetailInteractor.swift in Sources */,
				52262EF91BEAC61300BC8A16 /* NetworkingService.swift in Sources */,
				52262EC31BEAA75B00BC8A16 /* AppDelegate.swift in Sources */,
			);
			runOnlyForDeploymentPostprocessing = 0;
		};
/* End PBXSourcesBuildPhase section */

/* Begin PBXVariantGroup section */
		52262ECB1BEAA75B00BC8A16 /* LaunchScreen.storyboard */ = {
			isa = PBXVariantGroup;
			children = (
				52262ECC1BEAA75B00BC8A16 /* Base */,
			);
			name = LaunchScreen.storyboard;
			sourceTree = "<group>";
		};
/* End PBXVariantGroup section */

/* Begin XCBuildConfiguration section */
		52262ECF1BEAA75B00BC8A16 /* Debug */ = {
			isa = XCBuildConfiguration;
			buildSettings = {
				ALWAYS_SEARCH_USER_PATHS = NO;
				CLANG_CXX_LANGUAGE_STANDARD = "gnu++0x";
				CLANG_CXX_LIBRARY = "libc++";
				CLANG_ENABLE_MODULES = YES;
				CLANG_ENABLE_OBJC_ARC = YES;
				CLANG_WARN_BOOL_CONVERSION = YES;
				CLANG_WARN_CONSTANT_CONVERSION = YES;
				CLANG_WARN_DIRECT_OBJC_ISA_USAGE = YES_ERROR;
				CLANG_WARN_EMPTY_BODY = YES;
				CLANG_WARN_ENUM_CONVERSION = YES;
				CLANG_WARN_INT_CONVERSION = YES;
				CLANG_WARN_OBJC_ROOT_CLASS = YES_ERROR;
				CLANG_WARN_UNREACHABLE_CODE = YES;
				CLANG_WARN__DUPLICATE_METHOD_MATCH = YES;
				"CODE_SIGN_IDENTITY[sdk=iphoneos*]" = "iPhone Developer";
				COPY_PHASE_STRIP = NO;
				DEBUG_INFORMATION_FORMAT = dwarf;
				ENABLE_STRICT_OBJC_MSGSEND = YES;
				ENABLE_TESTABILITY = YES;
				GCC_C_LANGUAGE_STANDARD = gnu99;
				GCC_DYNAMIC_NO_PIC = NO;
				GCC_NO_COMMON_BLOCKS = YES;
				GCC_OPTIMIZATION_LEVEL = 0;
				GCC_PREPROCESSOR_DEFINITIONS = (
					"DEBUG=1",
					"$(inherited)",
				);
				GCC_WARN_64_TO_32_BIT_CONVERSION = YES;
				GCC_WARN_ABOUT_RETURN_TYPE = YES_ERROR;
				GCC_WARN_UNDECLARED_SELECTOR = YES;
				GCC_WARN_UNINITIALIZED_AUTOS = YES_AGGRESSIVE;
				GCC_WARN_UNUSED_FUNCTION = YES;
				GCC_WARN_UNUSED_VARIABLE = YES;
				IPHONEOS_DEPLOYMENT_TARGET = 9.1;
				MTL_ENABLE_DEBUG_INFO = YES;
				ONLY_ACTIVE_ARCH = YES;
				SDKROOT = iphoneos;
				SWIFT_OPTIMIZATION_LEVEL = "-Onone";
				TARGETED_DEVICE_FAMILY = "1,2";
			};
			name = Debug;
		};
		52262ED01BEAA75B00BC8A16 /* Release */ = {
			isa = XCBuildConfiguration;
			buildSettings = {
				ALWAYS_SEARCH_USER_PATHS = NO;
				CLANG_CXX_LANGUAGE_STANDARD = "gnu++0x";
				CLANG_CXX_LIBRARY = "libc++";
				CLANG_ENABLE_MODULES = YES;
				CLANG_ENABLE_OBJC_ARC = YES;
				CLANG_WARN_BOOL_CONVERSION = YES;
				CLANG_WARN_CONSTANT_CONVERSION = YES;
				CLANG_WARN_DIRECT_OBJC_ISA_USAGE = YES_ERROR;
				CLANG_WARN_EMPTY_BODY = YES;
				CLANG_WARN_ENUM_CONVERSION = YES;
				CLANG_WARN_INT_CONVERSION = YES;
				CLANG_WARN_OBJC_ROOT_CLASS = YES_ERROR;
				CLANG_WARN_UNREACHABLE_CODE = YES;
				CLANG_WARN__DUPLICATE_METHOD_MATCH = YES;
				"CODE_SIGN_IDENTITY[sdk=iphoneos*]" = "iPhone Developer";
				COPY_PHASE_STRIP = NO;
				DEBUG_INFORMATION_FORMAT = "dwarf-with-dsym";
				ENABLE_NS_ASSERTIONS = NO;
				ENABLE_STRICT_OBJC_MSGSEND = YES;
				GCC_C_LANGUAGE_STANDARD = gnu99;
				GCC_NO_COMMON_BLOCKS = YES;
				GCC_WARN_64_TO_32_BIT_CONVERSION = YES;
				GCC_WARN_ABOUT_RETURN_TYPE = YES_ERROR;
				GCC_WARN_UNDECLARED_SELECTOR = YES;
				GCC_WARN_UNINITIALIZED_AUTOS = YES_AGGRESSIVE;
				GCC_WARN_UNUSED_FUNCTION = YES;
				GCC_WARN_UNUSED_VARIABLE = YES;
				IPHONEOS_DEPLOYMENT_TARGET = 9.1;
				MTL_ENABLE_DEBUG_INFO = NO;
				SDKROOT = iphoneos;
				TARGETED_DEVICE_FAMILY = "1,2";
				VALIDATE_PRODUCT = YES;
			};
			name = Release;
		};
		52262ED21BEAA75B00BC8A16 /* Debug */ = {
			isa = XCBuildConfiguration;
			baseConfigurationReference = 41054A2DC78EBBC38AE07018 /* Pods.debug.xcconfig */;
			buildSettings = {
				ASSETCATALOG_COMPILER_APPICON_NAME = AppIcon;
				INFOPLIST_FILE = pictures/Info.plist;
				LD_RUNPATH_SEARCH_PATHS = "$(inherited) @executable_path/Frameworks";
				PRODUCT_BUNDLE_IDENTIFIER = com.ndleon09.pictures;
				PRODUCT_NAME = "$(TARGET_NAME)";
			};
			name = Debug;
		};
		52262ED31BEAA75B00BC8A16 /* Release */ = {
			isa = XCBuildConfiguration;
			baseConfigurationReference = AC9111EBD0F01594A0F8304C /* Pods.release.xcconfig */;
			buildSettings = {
				ASSETCATALOG_COMPILER_APPICON_NAME = AppIcon;
				INFOPLIST_FILE = pictures/Info.plist;
				LD_RUNPATH_SEARCH_PATHS = "$(inherited) @executable_path/Frameworks";
				PRODUCT_BUNDLE_IDENTIFIER = com.ndleon09.pictures;
				PRODUCT_NAME = "$(TARGET_NAME)";
			};
			name = Release;
		};
/* End XCBuildConfiguration section */

/* Begin XCConfigurationList section */
		52262EBA1BEAA75B00BC8A16 /* Build configuration list for PBXProject "pictures" */ = {
			isa = XCConfigurationList;
			buildConfigurations = (
				52262ECF1BEAA75B00BC8A16 /* Debug */,
				52262ED01BEAA75B00BC8A16 /* Release */,
			);
			defaultConfigurationIsVisible = 0;
			defaultConfigurationName = Release;
		};
		52262ED11BEAA75B00BC8A16 /* Build configuration list for PBXNativeTarget "pictures" */ = {
			isa = XCConfigurationList;
			buildConfigurations = (
				52262ED21BEAA75B00BC8A16 /* Debug */,
				52262ED31BEAA75B00BC8A16 /* Release */,
			);
			defaultConfigurationIsVisible = 0;
			defaultConfigurationName = Release;
		};
/* End XCConfigurationList section */

/* Begin XCVersionGroup section */
		522E8E8D1BEBC3990018ACE9 /* PicturesDataModel.xcdatamodeld */ = {
			isa = XCVersionGroup;
			children = (
				522E8E8E1BEBC3990018ACE9 /* PicturesDataModel.xcdatamodel */,
			);
			currentVersion = 522E8E8E1BEBC3990018ACE9 /* PicturesDataModel.xcdatamodel */;
			path = PicturesDataModel.xcdatamodeld;
			sourceTree = "<group>";
			versionGroupType = wrapper.xcdatamodel;
		};
/* End XCVersionGroup section */
	};
	rootObject = 52262EB71BEAA75B00BC8A16 /* Project object */;
}
